
Microsoft Visual Studio Solution File, Format Version 12.00
# Visual Studio 2012
Project("{FAE04EC0-301F-11D3-BF4B-00C04F79EFBC}") = "EntertainmentNetworkClient", "EntertainmentNetworkClient\EntertainmentNetworkClient.csproj", "{58D7ECB1-09BA-4BAA-A88C-00A2A27071D1}"
EndProject
Project("{FAE04EC0-301F-11D3-BF4B-00C04F79EFBC}") = "EntertainmentNetwork.DAL", "EntertainmentNetwork.DAL\EntertainmentNetwork.DAL.csproj", "{DB211C84-B0BD-42C9-A214-1822B6815C3E}"
EndProject
Project("{FAE04EC0-301F-11D3-BF4B-00C04F79EFBC}") = "EntertainmentNetwork.BL", "EntertainmentNetwork.BL\EntertainmentNetwork.BL.csproj", "{EDD7C891-B7F0-4526-853D-43C4A7143C34}"
EndProject
Global
	GlobalSection(SolutionConfigurationPlatforms) = preSolution
		Debug|Any CPU = Debug|Any CPU
		Release|Any CPU = Release|Any CPU
	EndGlobalSection
	GlobalSection(ProjectConfigurationPlatforms) = postSolution
		{58D7ECB1-09BA-4BAA-A88C-00A2A27071D1}.Debug|Any CPU.ActiveCfg = Debug|Any CPU
		{58D7ECB1-09BA-4BAA-A88C-00A2A27071D1}.Debug|Any CPU.Build.0 = Debug|Any CPU
		{58D7ECB1-09BA-4BAA-A88C-00A2A27071D1}.Release|Any CPU.ActiveCfg = Release|Any CPU
		{58D7ECB1-09BA-4BAA-A88C-00A2A27071D1}.Release|Any CPU.Build.0 = Release|Any CPU
		{DB211C84-B0BD-42C9-A214-1822B6815C3E}.Debug|Any CPU.ActiveCfg = Debug|Any CPU
		{DB211C84-B0BD-42C9-A214-1822B6815C3E}.Debug|Any CPU.Build.0 = Debug|Any CPU
		{DB211C84-B0BD-42C9-A214-1822B6815C3E}.Release|Any CPU.ActiveCfg = Release|Any CPU
		{DB211C84-B0BD-42C9-A214-1822B6815C3E}.Release|Any CPU.Build.0 = Release|Any CPU
		{EDD7C891-B7F0-4526-853D-43C4A7143C34}.Debug|Any CPU.ActiveCfg = Debug|Any CPU
		{EDD7C891-B7F0-4526-853D-43C4A7143C34}.Debug|Any CPU.Build.0 = Debug|Any CPU
		{EDD7C891-B7F0-4526-853D-43C4A7143C34}.Release|Any CPU.ActiveCfg = Release|Any CPU
		{EDD7C891-B7F0-4526-853D-43C4A7143C34}.Release|Any CPU.Build.0 = Release|Any CPU
	EndGlobalSection
	GlobalSection(SolutionProperties) = preSolution
		HideSolutionNode = FALSE
	EndGlobalSection
EndGlobal
